// !$*UTF8*$!
{
	archiveVersion = 1;
	classes = {
	};
	objectVersion = 51;
	objects = {

/* Begin PBXBuildFile section */
		1423C1872583D6B200E602DE /* DetailsTableViewController.swift in Sources */ = {isa = PBXBuildFile; fileRef = 1423C1862583D6B200E602DE /* DetailsTableViewController.swift */; };
		1456429A2574DCF900C3E310 /* expensesTableViewController.swift in Sources */ = {isa = PBXBuildFile; fileRef = 145642992574DCF900C3E310 /* expensesTableViewController.swift */; };
		145642A02574E87E00C3E310 /* expenseTableViewCell.swift in Sources */ = {isa = PBXBuildFile; fileRef = 1456429F2574E87E00C3E310 /* expenseTableViewCell.swift */; };
		8903DD62257408BB0046A4C4 /* ViewController.swift in Sources */ = {isa = PBXBuildFile; fileRef = 8903DD61257408BB0046A4C4 /* ViewController.swift */; };
		893CE5E525907AD70022B96A /* Extensions.swift in Sources */ = {isa = PBXBuildFile; fileRef = 893CE5E425907AD70022B96A /* Extensions.swift */; };
		893CE5EA259093230022B96A /* StartViewController.swift in Sources */ = {isa = PBXBuildFile; fileRef = 893CE5E9259093220022B96A /* StartViewController.swift */; };
		896C3B56257D266B004DBAFC /* AddExpensesTableViewController.swift in Sources */ = {isa = PBXBuildFile; fileRef = 896C3B55257D266B004DBAFC /* AddExpensesTableViewController.swift */; };
		896C3B5C257D2686004DBAFC /* AddWishlistTableViewController.swift in Sources */ = {isa = PBXBuildFile; fileRef = 896C3B5B257D2686004DBAFC /* AddWishlistTableViewController.swift */; };
		8989958925828863000EBABB /* NSUIColor+Hex.swift in Sources */ = {isa = PBXBuildFile; fileRef = 8989958825828863000EBABB /* NSUIColor+Hex.swift */; };
		8995FC9F2585376A00F131D4 /* PlainHorizontalProgressBar.swift in Sources */ = {isa = PBXBuildFile; fileRef = 8995FC9A2585376A00F131D4 /* PlainHorizontalProgressBar.swift */; };
		899DEFCE2589E84600879FDE /* ExpenseDetailTableViewController.swift in Sources */ = {isa = PBXBuildFile; fileRef = 899DEFCD2589E84600879FDE /* ExpenseDetailTableViewController.swift */; };
		89A09F8E2574DC5F0047BCD1 /* WishlistTableViewController.swift in Sources */ = {isa = PBXBuildFile; fileRef = 89A09F8D2574DC5F0047BCD1 /* WishlistTableViewController.swift */; };
		89A09F912574E95B0047BCD1 /* WishlistTableViewCell.swift in Sources */ = {isa = PBXBuildFile; fileRef = 89A09F902574E95B0047BCD1 /* WishlistTableViewCell.swift */; };
		89A486B62591068000B4A0E2 /* NameViewController.swift in Sources */ = {isa = PBXBuildFile; fileRef = 89A486B52591068000B4A0E2 /* NameViewController.swift */; };
		89D2EFE0258FA03300821AA9 /* AddValueTableViewController.swift in Sources */ = {isa = PBXBuildFile; fileRef = 89D2EFDF258FA03300821AA9 /* AddValueTableViewController.swift */; };
		89D3B8AF25762CE300C0E747 /* MainTabBarViewController.swift in Sources */ = {isa = PBXBuildFile; fileRef = 89D3B8AE25762CE300C0E747 /* MainTabBarViewController.swift */; };
		89D3B8B3257636B200C0E747 /* AttributedString.swift in Sources */ = {isa = PBXBuildFile; fileRef = 89D3B8B2257636B200C0E747 /* AttributedString.swift */; };
		89DC08082586621F00B93E36 /* OtherIncomeTableViewController.swift in Sources */ = {isa = PBXBuildFile; fileRef = 89DC08072586621F00B93E36 /* OtherIncomeTableViewController.swift */; };
		A8109E4E256F9520008F3709 /* AppDelegate.swift in Sources */ = {isa = PBXBuildFile; fileRef = A8109E4D256F9520008F3709 /* AppDelegate.swift */; };
		A8109E50256F9520008F3709 /* SceneDelegate.swift in Sources */ = {isa = PBXBuildFile; fileRef = A8109E4F256F9520008F3709 /* SceneDelegate.swift */; };
		A8109E55256F9520008F3709 /* Main.storyboard in Resources */ = {isa = PBXBuildFile; fileRef = A8109E53256F9520008F3709 /* Main.storyboard */; };
		A8109E57256F9522008F3709 /* Assets.xcassets in Resources */ = {isa = PBXBuildFile; fileRef = A8109E56256F9522008F3709 /* Assets.xcassets */; };
		A8109E5A256F9522008F3709 /* LaunchScreen.storyboard in Resources */ = {isa = PBXBuildFile; fileRef = A8109E58256F9522008F3709 /* LaunchScreen.storyboard */; };
		A8DDDCD02574DF85003CC2B8 /* ProjectedExpensesTableViewController.swift in Sources */ = {isa = PBXBuildFile; fileRef = A8DDDCCF2574DF85003CC2B8 /* ProjectedExpensesTableViewController.swift */; };
		A8DDDCD32574E785003CC2B8 /* ProjectedExpensesTableViewCell.swift in Sources */ = {isa = PBXBuildFile; fileRef = A8DDDCD22574E785003CC2B8 /* ProjectedExpensesTableViewCell.swift */; };
		A8DDDCD92574F107003CC2B8 /* Data.swift in Sources */ = {isa = PBXBuildFile; fileRef = A8DDDCD82574F107003CC2B8 /* Data.swift */; };
		BC538F08258F45C4004778EA /* WelcomeViewController.swift in Sources */ = {isa = PBXBuildFile; fileRef = BC538F07258F45C4004778EA /* WelcomeViewController.swift */; };
		FC53EB09A1A3BD1092BA586B /* Pods__u_g__.framework in Frameworks */ = {isa = PBXBuildFile; fileRef = 3B3E60FE7C1A9D308B807E7A /* Pods__u_g__.framework */; };
/* End PBXBuildFile section */

/* Begin PBXFileReference section */
		1423C1862583D6B200E602DE /* DetailsTableViewController.swift */ = {isa = PBXFileReference; fileEncoding = 4; lastKnownFileType = sourcecode.swift; path = DetailsTableViewController.swift; sourceTree = "<group>"; };
		145642992574DCF900C3E310 /* expensesTableViewController.swift */ = {isa = PBXFileReference; lastKnownFileType = sourcecode.swift; path = expensesTableViewController.swift; sourceTree = "<group>"; };
		1456429F2574E87E00C3E310 /* expenseTableViewCell.swift */ = {isa = PBXFileReference; lastKnownFileType = sourcecode.swift; path = expenseTableViewCell.swift; sourceTree = "<group>"; };
		3B3E60FE7C1A9D308B807E7A /* Pods__u_g__.framework */ = {isa = PBXFileReference; explicitFileType = wrapper.framework; includeInIndex = 0; path = Pods__u_g__.framework; sourceTree = BUILT_PRODUCTS_DIR; };
		8903DD61257408BB0046A4C4 /* ViewController.swift */ = {isa = PBXFileReference; lastKnownFileType = sourcecode.swift; path = ViewController.swift; sourceTree = "<group>"; };
		893CE5E425907AD70022B96A /* Extensions.swift */ = {isa = PBXFileReference; lastKnownFileType = sourcecode.swift; path = Extensions.swift; sourceTree = "<group>"; };
		893CE5E9259093220022B96A /* StartViewController.swift */ = {isa = PBXFileReference; lastKnownFileType = sourcecode.swift; path = StartViewController.swift; sourceTree = "<group>"; };
		896C3B55257D266B004DBAFC /* AddExpensesTableViewController.swift */ = {isa = PBXFileReference; lastKnownFileType = sourcecode.swift; path = AddExpensesTableViewController.swift; sourceTree = "<group>"; };
		896C3B5B257D2686004DBAFC /* AddWishlistTableViewController.swift */ = {isa = PBXFileReference; lastKnownFileType = sourcecode.swift; path = AddWishlistTableViewController.swift; sourceTree = "<group>"; };
		8989958825828863000EBABB /* NSUIColor+Hex.swift */ = {isa = PBXFileReference; lastKnownFileType = sourcecode.swift; path = "NSUIColor+Hex.swift"; sourceTree = "<group>"; };
		8995FC9A2585376A00F131D4 /* PlainHorizontalProgressBar.swift */ = {isa = PBXFileReference; fileEncoding = 4; lastKnownFileType = sourcecode.swift; path = PlainHorizontalProgressBar.swift; sourceTree = "<group>"; };
		899DEFCD2589E84600879FDE /* ExpenseDetailTableViewController.swift */ = {isa = PBXFileReference; lastKnownFileType = sourcecode.swift; path = ExpenseDetailTableViewController.swift; sourceTree = "<group>"; };
		89A09F8D2574DC5F0047BCD1 /* WishlistTableViewController.swift */ = {isa = PBXFileReference; lastKnownFileType = sourcecode.swift; path = WishlistTableViewController.swift; sourceTree = "<group>"; };
		89A09F902574E95B0047BCD1 /* WishlistTableViewCell.swift */ = {isa = PBXFileReference; lastKnownFileType = sourcecode.swift; path = WishlistTableViewCell.swift; sourceTree = "<group>"; };
		89A486B52591068000B4A0E2 /* NameViewController.swift */ = {isa = PBXFileReference; lastKnownFileType = sourcecode.swift; path = NameViewController.swift; sourceTree = "<group>"; };
		89D2EFDF258FA03300821AA9 /* AddValueTableViewController.swift */ = {isa = PBXFileReference; lastKnownFileType = sourcecode.swift; path = AddValueTableViewController.swift; sourceTree = "<group>"; };
		89D3B8AE25762CE300C0E747 /* MainTabBarViewController.swift */ = {isa = PBXFileReference; fileEncoding = 4; lastKnownFileType = sourcecode.swift; path = MainTabBarViewController.swift; sourceTree = "<group>"; };
		89D3B8B2257636B200C0E747 /* AttributedString.swift */ = {isa = PBXFileReference; lastKnownFileType = sourcecode.swift; path = AttributedString.swift; sourceTree = "<group>"; };
		89DC08072586621F00B93E36 /* OtherIncomeTableViewController.swift */ = {isa = PBXFileReference; lastKnownFileType = sourcecode.swift; path = OtherIncomeTableViewController.swift; sourceTree = "<group>"; };
		A8109E4A256F9520008F3709 /* Wishey.app */ = {isa = PBXFileReference; explicitFileType = wrapper.application; includeInIndex = 0; path = Wishey.app; sourceTree = BUILT_PRODUCTS_DIR; };
		A8109E4D256F9520008F3709 /* AppDelegate.swift */ = {isa = PBXFileReference; lastKnownFileType = sourcecode.swift; path = AppDelegate.swift; sourceTree = "<group>"; };
		A8109E4F256F9520008F3709 /* SceneDelegate.swift */ = {isa = PBXFileReference; lastKnownFileType = sourcecode.swift; path = SceneDelegate.swift; sourceTree = "<group>"; };
		A8109E54256F9520008F3709 /* Base */ = {isa = PBXFileReference; lastKnownFileType = file.storyboard; name = Base; path = Base.lproj/Main.storyboard; sourceTree = "<group>"; };
		A8109E56256F9522008F3709 /* Assets.xcassets */ = {isa = PBXFileReference; lastKnownFileType = folder.assetcatalog; path = Assets.xcassets; sourceTree = "<group>"; };
		A8109E59256F9522008F3709 /* Base */ = {isa = PBXFileReference; lastKnownFileType = file.storyboard; name = Base; path = Base.lproj/LaunchScreen.storyboard; sourceTree = "<group>"; };
		A8109E5B256F9522008F3709 /* Info.plist */ = {isa = PBXFileReference; lastKnownFileType = text.plist.xml; path = Info.plist; sourceTree = "<group>"; };
		A8DDDCCF2574DF85003CC2B8 /* ProjectedExpensesTableViewController.swift */ = {isa = PBXFileReference; lastKnownFileType = sourcecode.swift; path = ProjectedExpensesTableViewController.swift; sourceTree = "<group>"; };
		A8DDDCD22574E785003CC2B8 /* ProjectedExpensesTableViewCell.swift */ = {isa = PBXFileReference; lastKnownFileType = sourcecode.swift; path = ProjectedExpensesTableViewCell.swift; sourceTree = "<group>"; };
		A8DDDCD82574F107003CC2B8 /* Data.swift */ = {isa = PBXFileReference; lastKnownFileType = sourcecode.swift; path = Data.swift; sourceTree = "<group>"; };
		BC538F07258F45C4004778EA /* WelcomeViewController.swift */ = {isa = PBXFileReference; lastKnownFileType = sourcecode.swift; path = WelcomeViewController.swift; sourceTree = "<group>"; };
		D4627576E255DD8F4B3EB0A2 /* Pods-฿u₫g€+.release.xcconfig */ = {isa = PBXFileReference; includeInIndex = 1; lastKnownFileType = text.xcconfig; name = "Pods-฿u₫g€+.release.xcconfig"; path = "Target Support Files/Pods-฿u₫g€+/Pods-฿u₫g€+.release.xcconfig"; sourceTree = "<group>"; };
		FEB9776F3AFE268AE2A47DDD /* Pods-฿u₫g€+.debug.xcconfig */ = {isa = PBXFileReference; includeInIndex = 1; lastKnownFileType = text.xcconfig; name = "Pods-฿u₫g€+.debug.xcconfig"; path = "Target Support Files/Pods-฿u₫g€+/Pods-฿u₫g€+.debug.xcconfig"; sourceTree = "<group>"; };
/* End PBXFileReference section */

/* Begin PBXFrameworksBuildPhase section */
		A8109E47256F9520008F3709 /* Frameworks */ = {
			isa = PBXFrameworksBuildPhase;
			buildActionMask = 2147483647;
			files = (
				FC53EB09A1A3BD1092BA586B /* Pods__u_g__.framework in Frameworks */,
			);
			runOnlyForDeploymentPostprocessing = 0;
		};
/* End PBXFrameworksBuildPhase section */

/* Begin PBXGroup section */
		4C35C6100382DAC18E8C2DDB /* Pods */ = {
			isa = PBXGroup;
			children = (
				FEB9776F3AFE268AE2A47DDD /* Pods-฿u₫g€+.debug.xcconfig */,
				D4627576E255DD8F4B3EB0A2 /* Pods-฿u₫g€+.release.xcconfig */,
			);
			path = Pods;
			sourceTree = "<group>";
		};
		A8109E41256F9520008F3709 = {
			isa = PBXGroup;
			children = (
				A8109E4C256F9520008F3709 /* ฿u₫g€+ */,
				A8109E4B256F9520008F3709 /* Products */,
				4C35C6100382DAC18E8C2DDB /* Pods */,
				FB87B57B676E43CDF331CE9D /* Frameworks */,
			);
			sourceTree = "<group>";
		};
		A8109E4B256F9520008F3709 /* Products */ = {
			isa = PBXGroup;
			children = (
				A8109E4A256F9520008F3709 /* Wishey.app */,
			);
			name = Products;
			sourceTree = "<group>";
		};
		A8109E4C256F9520008F3709 /* ฿u₫g€+ */ = {
			isa = PBXGroup;
			children = (
				A8109E4D256F9520008F3709 /* AppDelegate.swift */,
				A8109E4F256F9520008F3709 /* SceneDelegate.swift */,
				BC538F07258F45C4004778EA /* WelcomeViewController.swift */,
				8903DD61257408BB0046A4C4 /* ViewController.swift */,
				89A09F8D2574DC5F0047BCD1 /* WishlistTableViewController.swift */,
				89A09F902574E95B0047BCD1 /* WishlistTableViewCell.swift */,
				1423C1862583D6B200E602DE /* DetailsTableViewController.swift */,
				145642992574DCF900C3E310 /* expensesTableViewController.swift */,
				1456429F2574E87E00C3E310 /* expenseTableViewCell.swift */,
				A8DDDCCF2574DF85003CC2B8 /* ProjectedExpensesTableViewController.swift */,
				A8DDDCD22574E785003CC2B8 /* ProjectedExpensesTableViewCell.swift */,
				A8DDDCD82574F107003CC2B8 /* Data.swift */,
				89D3B8AE25762CE300C0E747 /* MainTabBarViewController.swift */,
				89D3B8B2257636B200C0E747 /* AttributedString.swift */,
				8989958825828863000EBABB /* NSUIColor+Hex.swift */,
				896C3B55257D266B004DBAFC /* AddExpensesTableViewController.swift */,
				896C3B5B257D2686004DBAFC /* AddWishlistTableViewController.swift */,
				8995FC9A2585376A00F131D4 /* PlainHorizontalProgressBar.swift */,
				89DC08072586621F00B93E36 /* OtherIncomeTableViewController.swift */,
				899DEFCD2589E84600879FDE /* ExpenseDetailTableViewController.swift */,
				89D2EFDF258FA03300821AA9 /* AddValueTableViewController.swift */,
				A8109E53256F9520008F3709 /* Main.storyboard */,
				A8109E56256F9522008F3709 /* Assets.xcassets */,
				A8109E5B256F9522008F3709 /* Info.plist */,
				A8109E58256F9522008F3709 /* LaunchScreen.storyboard */,
				893CE5E425907AD70022B96A /* Extensions.swift */,
				893CE5E9259093220022B96A /* StartViewController.swift */,
				89A486B52591068000B4A0E2 /* NameViewController.swift */,
			);
			path = "฿u₫g€+";
			sourceTree = "<group>";
		};
		FB87B57B676E43CDF331CE9D /* Frameworks */ = {
			isa = PBXGroup;
			children = (
				3B3E60FE7C1A9D308B807E7A /* Pods__u_g__.framework */,
			);
			name = Frameworks;
			sourceTree = "<group>";
		};
/* End PBXGroup section */

/* Begin PBXNativeTarget section */
		A8109E49256F9520008F3709 /* ฿u₫g€+ */ = {
			isa = PBXNativeTarget;
			buildConfigurationList = A8109E5E256F9522008F3709 /* Build configuration list for PBXNativeTarget "฿u₫g€+" */;
			buildPhases = (
				ECE2FC7F1802A93D14998F21 /* [CP] Check Pods Manifest.lock */,
				A8109E46256F9520008F3709 /* Sources */,
				A8109E47256F9520008F3709 /* Frameworks */,
				A8109E48256F9520008F3709 /* Resources */,
				202A104CC4D082B3BC70B77C /* [CP] Embed Pods Frameworks */,
			);
			buildRules = (
			);
			dependencies = (
			);
			name = "฿u₫g€+";
			productName = "฿u₫g€+";
			productReference = A8109E4A256F9520008F3709 /* Wishey.app */;
			productType = "com.apple.product-type.application";
		};
/* End PBXNativeTarget section */

/* Begin PBXProject section */
		A8109E42256F9520008F3709 /* Project object */ = {
			isa = PBXProject;
			attributes = {
				LastSwiftUpdateCheck = 1220;
				LastUpgradeCheck = 1220;
				TargetAttributes = {
					A8109E49256F9520008F3709 = {
						CreatedOnToolsVersion = 12.2;
					};
				};
			};
			buildConfigurationList = A8109E45256F9520008F3709 /* Build configuration list for PBXProject "฿u₫g€+" */;
			compatibilityVersion = "Xcode 9.3";
			developmentRegion = en;
			hasScannedForEncodings = 0;
			knownRegions = (
				en,
				Base,
			);
			mainGroup = A8109E41256F9520008F3709;
			productRefGroup = A8109E4B256F9520008F3709 /* Products */;
			projectDirPath = "";
			projectRoot = "";
			targets = (
				A8109E49256F9520008F3709 /* ฿u₫g€+ */,
			);
		};
/* End PBXProject section */

/* Begin PBXResourcesBuildPhase section */
		A8109E48256F9520008F3709 /* Resources */ = {
			isa = PBXResourcesBuildPhase;
			buildActionMask = 2147483647;
			files = (
				A8109E5A256F9522008F3709 /* LaunchScreen.storyboard in Resources */,
				A8109E57256F9522008F3709 /* Assets.xcassets in Resources */,
				A8109E55256F9520008F3709 /* Main.storyboard in Resources */,
			);
			runOnlyForDeploymentPostprocessing = 0;
		};
/* End PBXResourcesBuildPhase section */

/* Begin PBXShellScriptBuildPhase section */
		202A104CC4D082B3BC70B77C /* [CP] Embed Pods Frameworks */ = {
			isa = PBXShellScriptBuildPhase;
			buildActionMask = 2147483647;
			files = (
			);
			inputFileListPaths = (
				"${PODS_ROOT}/Target Support Files/Pods-฿u₫g€+/Pods-฿u₫g€+-frameworks-${CONFIGURATION}-input-files.xcfilelist",
			);
			name = "[CP] Embed Pods Frameworks";
			outputFileListPaths = (
				"${PODS_ROOT}/Target Support Files/Pods-฿u₫g€+/Pods-฿u₫g€+-frameworks-${CONFIGURATION}-output-files.xcfilelist",
			);
			runOnlyForDeploymentPostprocessing = 0;
			shellPath = /bin/sh;
			shellScript = "\"${PODS_ROOT}/Target Support Files/Pods-฿u₫g€+/Pods-฿u₫g€+-frameworks.sh\"\n";
			showEnvVarsInLog = 0;
		};
		ECE2FC7F1802A93D14998F21 /* [CP] Check Pods Manifest.lock */ = {
			isa = PBXShellScriptBuildPhase;
			buildActionMask = 2147483647;
			files = (
			);
			inputFileListPaths = (
			);
			inputPaths = (
				"${PODS_PODFILE_DIR_PATH}/Podfile.lock",
				"${PODS_ROOT}/Manifest.lock",
			);
			name = "[CP] Check Pods Manifest.lock";
			outputFileListPaths = (
			);
			outputPaths = (
				"$(DERIVED_FILE_DIR)/Pods-฿u₫g€+-checkManifestLockResult.txt",
			);
			runOnlyForDeploymentPostprocessing = 0;
			shellPath = /bin/sh;
			shellScript = "diff \"${PODS_PODFILE_DIR_PATH}/Podfile.lock\" \"${PODS_ROOT}/Manifest.lock\" > /dev/null\nif [ $? != 0 ] ; then\n    # print error to STDERR\n    echo \"error: The sandbox is not in sync with the Podfile.lock. Run 'pod install' or update your CocoaPods installation.\" >&2\n    exit 1\nfi\n# This output is used by Xcode 'outputs' to avoid re-running this script phase.\necho \"SUCCESS\" > \"${SCRIPT_OUTPUT_FILE_0}\"\n";
			showEnvVarsInLog = 0;
		};
/* End PBXShellScriptBuildPhase section */

/* Begin PBXSourcesBuildPhase section */
		A8109E46256F9520008F3709 /* Sources */ = {
			isa = PBXSourcesBuildPhase;
			buildActionMask = 2147483647;
			files = (
				8995FC9F2585376A00F131D4 /* PlainHorizontalProgressBar.swift in Sources */,
				BC538F08258F45C4004778EA /* WelcomeViewController.swift in Sources */,
				893CE5EA259093230022B96A /* StartViewController.swift in Sources */,
				A8DDDCD32574E785003CC2B8 /* ProjectedExpensesTableViewCell.swift in Sources */,
				1423C1872583D6B200E602DE /* DetailsTableViewController.swift in Sources */,
				145642A02574E87E00C3E310 /* expenseTableViewCell.swift in Sources */,
				8903DD62257408BB0046A4C4 /* ViewController.swift in Sources */,
				89A09F8E2574DC5F0047BCD1 /* WishlistTableViewController.swift in Sources */,
				89A09F912574E95B0047BCD1 /* WishlistTableViewCell.swift in Sources */,
				A8DDDCD02574DF85003CC2B8 /* ProjectedExpensesTableViewController.swift in Sources */,
				893CE5E525907AD70022B96A /* Extensions.swift in Sources */,
				89A486B62591068000B4A0E2 /* NameViewController.swift in Sources */,
				89D3B8AF25762CE300C0E747 /* MainTabBarViewController.swift in Sources */,
				89DC08082586621F00B93E36 /* OtherIncomeTableViewController.swift in Sources */,
				89D2EFE0258FA03300821AA9 /* AddValueTableViewController.swift in Sources */,
				896C3B56257D266B004DBAFC /* AddExpensesTableViewController.swift in Sources */,
				A8109E4E256F9520008F3709 /* AppDelegate.swift in Sources */,
				1456429A2574DCF900C3E310 /* expensesTableViewController.swift in Sources */,
				899DEFCE2589E84600879FDE /* ExpenseDetailTableViewController.swift in Sources */,
				A8109E50256F9520008F3709 /* SceneDelegate.swift in Sources */,
				896C3B5C257D2686004DBAFC /* AddWishlistTableViewController.swift in Sources */,
				8989958925828863000EBABB /* NSUIColor+Hex.swift in Sources */,
				89D3B8B3257636B200C0E747 /* AttributedString.swift in Sources */,
				A8DDDCD92574F107003CC2B8 /* Data.swift in Sources */,
			);
			runOnlyForDeploymentPostprocessing = 0;
		};
/* End PBXSourcesBuildPhase section */

/* Begin PBXVariantGroup section */
		A8109E53256F9520008F3709 /* Main.storyboard */ = {
			isa = PBXVariantGroup;
			children = (
				A8109E54256F9520008F3709 /* Base */,
			);
			name = Main.storyboard;
			sourceTree = "<group>";
		};
		A8109E58256F9522008F3709 /* LaunchScreen.storyboard */ = {
			isa = PBXVariantGroup;
			children = (
				A8109E59256F9522008F3709 /* Base */,
			);
			name = LaunchScreen.storyboard;
			sourceTree = "<group>";
		};
/* End PBXVariantGroup section */

/* Begin XCBuildConfiguration section */
		A8109E5C256F9522008F3709 /* Debug */ = {
			isa = XCBuildConfiguration;
			buildSettings = {
				ALWAYS_SEARCH_USER_PATHS = NO;
				CLANG_ANALYZER_NONNULL = YES;
				CLANG_ANALYZER_NUMBER_OBJECT_CONVERSION = YES_AGGRESSIVE;
				CLANG_CXX_LANGUAGE_STANDARD = "gnu++14";
				CLANG_CXX_LIBRARY = "libc++";
				CLANG_ENABLE_MODULES = YES;
				CLANG_ENABLE_OBJC_ARC = YES;
				CLANG_ENABLE_OBJC_WEAK = YES;
				CLANG_WARN_BLOCK_CAPTURE_AUTORELEASING = YES;
				CLANG_WARN_BOOL_CONVERSION = YES;
				CLANG_WARN_COMMA = YES;
				CLANG_WARN_CONSTANT_CONVERSION = YES;
				CLANG_WARN_DEPRECATED_OBJC_IMPLEMENTATIONS = YES;
				CLANG_WARN_DIRECT_OBJC_ISA_USAGE = YES_ERROR;
				CLANG_WARN_DOCUMENTATION_COMMENTS = YES;
				CLANG_WARN_EMPTY_BODY = YES;
				CLANG_WARN_ENUM_CONVERSION = YES;
				CLANG_WARN_INFINITE_RECURSION = YES;
				CLANG_WARN_INT_CONVERSION = YES;
				CLANG_WARN_NON_LITERAL_NULL_CONVERSION = YES;
				CLANG_WARN_OBJC_IMPLICIT_RETAIN_SELF = YES;
				CLANG_WARN_OBJC_LITERAL_CONVERSION = YES;
				CLANG_WARN_OBJC_ROOT_CLASS = YES_ERROR;
				CLANG_WARN_QUOTED_INCLUDE_IN_FRAMEWORK_HEADER = YES;
				CLANG_WARN_RANGE_LOOP_ANALYSIS = YES;
				CLANG_WARN_STRICT_PROTOTYPES = YES;
				CLANG_WARN_SUSPICIOUS_MOVE = YES;
				CLANG_WARN_UNGUARDED_AVAILABILITY = YES_AGGRESSIVE;
				CLANG_WARN_UNREACHABLE_CODE = YES;
				CLANG_WARN__DUPLICATE_METHOD_MATCH = YES;
				COPY_PHASE_STRIP = NO;
				DEBUG_INFORMATION_FORMAT = dwarf;
				ENABLE_STRICT_OBJC_MSGSEND = YES;
				ENABLE_TESTABILITY = YES;
				GCC_C_LANGUAGE_STANDARD = gnu11;
				GCC_DYNAMIC_NO_PIC = NO;
				GCC_NO_COMMON_BLOCKS = YES;
				GCC_OPTIMIZATION_LEVEL = 0;
				GCC_PREPROCESSOR_DEFINITIONS = (
					"DEBUG=1",
					"$(inherited)",
				);
				GCC_WARN_64_TO_32_BIT_CONVERSION = YES;
				GCC_WARN_ABOUT_RETURN_TYPE = YES_ERROR;
				GCC_WARN_UNDECLARED_SELECTOR = YES;
				GCC_WARN_UNINITIALIZED_AUTOS = YES_AGGRESSIVE;
				GCC_WARN_UNUSED_FUNCTION = YES;
				GCC_WARN_UNUSED_VARIABLE = YES;
				IPHONEOS_DEPLOYMENT_TARGET = 14.2;
				MTL_ENABLE_DEBUG_INFO = INCLUDE_SOURCE;
				MTL_FAST_MATH = YES;
				ONLY_ACTIVE_ARCH = YES;
				SDKROOT = iphoneos;
				SWIFT_ACTIVE_COMPILATION_CONDITIONS = DEBUG;
				SWIFT_OPTIMIZATION_LEVEL = "-Onone";
			};
			name = Debug;
		};
		A8109E5D256F9522008F3709 /* Release */ = {
			isa = XCBuildConfiguration;
			buildSettings = {
				ALWAYS_SEARCH_USER_PATHS = NO;
				CLANG_ANALYZER_NONNULL = YES;
				CLANG_ANALYZER_NUMBER_OBJECT_CONVERSION = YES_AGGRESSIVE;
				CLANG_CXX_LANGUAGE_STANDARD = "gnu++14";
				CLANG_CXX_LIBRARY = "libc++";
				CLANG_ENABLE_MODULES = YES;
				CLANG_ENABLE_OBJC_ARC = YES;
				CLANG_ENABLE_OBJC_WEAK = YES;
				CLANG_WARN_BLOCK_CAPTURE_AUTORELEASING = YES;
				CLANG_WARN_BOOL_CONVERSION = YES;
				CLANG_WARN_COMMA = YES;
				CLANG_WARN_CONSTANT_CONVERSION = YES;
				CLANG_WARN_DEPRECATED_OBJC_IMPLEMENTATIONS = YES;
				CLANG_WARN_DIRECT_OBJC_ISA_USAGE = YES_ERROR;
				CLANG_WARN_DOCUMENTATION_COMMENTS = YES;
				CLANG_WARN_EMPTY_BODY = YES;
				CLANG_WARN_ENUM_CONVERSION = YES;
				CLANG_WARN_INFINITE_RECURSION = YES;
				CLANG_WARN_INT_CONVERSION = YES;
				CLANG_WARN_NON_LITERAL_NULL_CONVERSION = YES;
				CLANG_WARN_OBJC_IMPLICIT_RETAIN_SELF = YES;
				CLANG_WARN_OBJC_LITERAL_CONVERSION = YES;
				CLANG_WARN_OBJC_ROOT_CLASS = YES_ERROR;
				CLANG_WARN_QUOTED_INCLUDE_IN_FRAMEWORK_HEADER = YES;
				CLANG_WARN_RANGE_LOOP_ANALYSIS = YES;
				CLANG_WARN_STRICT_PROTOTYPES = YES;
				CLANG_WARN_SUSPICIOUS_MOVE = YES;
				CLANG_WARN_UNGUARDED_AVAILABILITY = YES_AGGRESSIVE;
				CLANG_WARN_UNREACHABLE_CODE = YES;
				CLANG_WARN__DUPLICATE_METHOD_MATCH = YES;
				COPY_PHASE_STRIP = NO;
				DEBUG_INFORMATION_FORMAT = "dwarf-with-dsym";
				ENABLE_NS_ASSERTIONS = NO;
				ENABLE_STRICT_OBJC_MSGSEND = YES;
				GCC_C_LANGUAGE_STANDARD = gnu11;
				GCC_NO_COMMON_BLOCKS = YES;
				GCC_WARN_64_TO_32_BIT_CONVERSION = YES;
				GCC_WARN_ABOUT_RETURN_TYPE = YES_ERROR;
				GCC_WARN_UNDECLARED_SELECTOR = YES;
				GCC_WARN_UNINITIALIZED_AUTOS = YES_AGGRESSIVE;
				GCC_WARN_UNUSED_FUNCTION = YES;
				GCC_WARN_UNUSED_VARIABLE = YES;
				IPHONEOS_DEPLOYMENT_TARGET = 14.2;
				MTL_ENABLE_DEBUG_INFO = NO;
				MTL_FAST_MATH = YES;
				SDKROOT = iphoneos;
				SWIFT_COMPILATION_MODE = wholemodule;
				SWIFT_OPTIMIZATION_LEVEL = "-O";
				VALIDATE_PRODUCT = YES;
			};
			name = Release;
		};
		A8109E5F256F9522008F3709 /* Debug */ = {
			isa = XCBuildConfiguration;
			baseConfigurationReference = FEB9776F3AFE268AE2A47DDD /* Pods-฿u₫g€+.debug.xcconfig */;
			buildSettings = {
				ASSETCATALOG_COMPILER_APPICON_NAME = AppIcon;
				ASSETCATALOG_COMPILER_GLOBAL_ACCENT_COLOR_NAME = AccentColor;
				CODE_SIGN_STYLE = Automatic;
				CURRENT_PROJECT_VERSION = 2;
				DEVELOPMENT_TEAM = XL5JK4F896;
				INFOPLIST_FILE = "฿u₫g€+/Info.plist";
				LD_RUNPATH_SEARCH_PATHS = (
					"$(inherited)",
					"@executable_path/Frameworks",
				);
				PRODUCT_BUNDLE_IDENTIFIER = sg.tk.2020.wishey;
				PRODUCT_NAME = Wishey;
				SWIFT_VERSION = 5.0;
				TARGETED_DEVICE_FAMILY = 1;
			};
			name = Debug;
		};
		A8109E60256F9522008F3709 /* Release */ = {
			isa = XCBuildConfiguration;
			baseConfigurationReference = D4627576E255DD8F4B3EB0A2 /* Pods-฿u₫g€+.release.xcconfig */;
			buildSettings = {
				ASSETCATALOG_COMPILER_APPICON_NAME = AppIcon;
				ASSETCATALOG_COMPILER_GLOBAL_ACCENT_COLOR_NAME = AccentColor;
				CODE_SIGN_STYLE = Automatic;
				CURRENT_PROJECT_VERSION = 2;
				DEVELOPMENT_TEAM = XL5JK4F896;
				INFOPLIST_FILE = "฿u₫g€+/Info.plist";
				LD_RUNPATH_SEARCH_PATHS = (
					"$(inherited)",
					"@executable_path/Frameworks",
				);
				PRODUCT_BUNDLE_IDENTIFIER = sg.tk.2020.wishey;
				PRODUCT_NAME = Wishey;
				SWIFT_VERSION = 5.0;
				TARGETED_DEVICE_FAMILY = 1;
			};
			name = Release;
		};
/* End XCBuildConfiguration section */

/* Begin XCConfigurationList section */
		A8109E45256F9520008F3709 /* Build configuration list for PBXProject "฿u₫g€+" */ = {
			isa = XCConfigurationList;
			buildConfigurations = (
				A8109E5C256F9522008F3709 /* Debug */,
				A8109E5D256F9522008F3709 /* Release */,
			);
			defaultConfigurationIsVisible = 0;
			defaultConfigurationName = Release;
		};
		A8109E5E256F9522008F3709 /* Build configuration list for PBXNativeTarget "฿u₫g€+" */ = {
			isa = XCConfigurationList;
			buildConfigurations = (
				A8109E5F256F9522008F3709 /* Debug */,
				A8109E60256F9522008F3709 /* Release */,
			);
			defaultConfigurationIsVisible = 0;
			defaultConfigurationName = Release;
		};
/* End XCConfigurationList section */
	};
	rootObject = A8109E42256F9520008F3709 /* Project object */;
}
